<?xml version="1.0" encoding="utf-8"?>
<Project ToolsVersion="4.0" xmlns="http://schemas.microsoft.com/developer/msbuild/2003">
  <ItemGroup>
    <ClInclude Include="Vertex.h" />
    <ClInclude Include="Citadel.h" />
    <ClInclude Include="Window.h" />
    <ClInclude Include="Application.h" />
    <ClInclude Include="Event.h" />
    <ClInclude Include="Renderer.h" />
    <ClInclude Include="Scene.h" />
    <ClInclude Include="Transform.h" />
    <ClInclude Include="Helpers.h" />
    <ClInclude Include="IRenderable.h" />
    <ClInclude Include="PrimitiveManager.h" />
    <ClInclude Include="Primitive.h" />
    <ClInclude Include="Game.h" />
    <ClInclude Include="Light.h" />
    <ClInclude Include="LightManager.h" />
    <ClInclude Include="RenderSystem.h" />
  </ItemGroup>
  <ItemGroup>
    <ClCompile Include="EntryPoint.cpp" />
    <ClCompile Include="Citadel.cpp" />
    <ClCompile Include="Window.cpp" />
    <ClCompile Include="Application.cpp" />
    <ClCompile Include="Renderer.cpp" />
    <ClCompile Include="Scene.cpp" />
    <ClCompile Include="Vertex.cpp" />
    <ClCompile Include="PrimitiveManager.cpp" />
    <ClCompile Include="Game.cpp" />
    <ClCompile Include="Light.cpp" />
    <ClCompile Include="Primitive.cpp" />
    <ClCompile Include="RenderSystem.cpp" />
  </ItemGroup>
</Project>