
Microsoft Visual Studio Solution File, Format Version 12.00
# Visual Studio Version 16
VisualStudioVersion = 16.0.28729.10
MinimumVisualStudioVersion = 10.0.40219.1
Project("{FAE04EC0-301F-11D3-BF4B-00C04F79EFBC}") = "Yaropolk", "Yaropolk\Yaropolk.csproj", "{7B13314D-32AA-418E-9F6A-AE10A63C978C}"
EndProject
Project("{8BC9CEB8-8B4A-11D0-8D11-00A0C91BC942}") = "Game", "Game\Game.vcxproj", "{B7B2EE78-C1BA-4D3E-868C-F7160DF5CE75}"
EndProject
Project("{8BC9CEB8-8B4A-11D0-8D11-00A0C91BC942}") = "GameTests", "GameTests\GameTests.vcxproj", "{576FACEE-93B0-4DE9-902A-AAB7302C55FA}"
EndProject
Project("{8BC9CEB8-8B4A-11D0-8D11-00A0C91BC942}") = "ECS", "ECS\ECS.vcxproj", "{CC278184-7725-426C-95B8-5D8DAF15EF59}"
EndProject
Project("{8BC9CEB8-8B4A-11D0-8D11-00A0C91BC942}") = "ECS_Tests", "ECS_Tests\ECS_Tests.vcxproj", "{24D7ED5C-0A08-4157-8B1F-CCBE7EFB7270}"
EndProject
Project("{8BC9CEB8-8B4A-11D0-8D11-00A0C91BC942}") = "ECSTests", "ECSTests\ECSTests.vcxproj", "{BFD38B7D-AE89-4D9C-B40C-BD837237A18C}"
EndProject
Project("{8BC9CEB8-8B4A-11D0-8D11-00A0C91BC942}") = "Graphics", "Graphics\Graphics.vcxproj", "{35952331-A382-4FBD-AC0F-B272B8135EEC}"
EndProject
Project("{8BC9CEB8-8B4A-11D0-8D11-00A0C91BC942}") = "Subsystem", "Subsystem\Subsystem.vcxproj", "{C641CA3E-2C7D-431D-AE12-655D539E170C}"
EndProject
Project("{8BC9CEB8-8B4A-11D0-8D11-00A0C91BC942}") = "Tetris", "Tetris\Tetris.vcxproj", "{6906FC1C-43DB-4EE3-BB6A-D6FFA8063EE6}"
EndProject
Project("{8BC9CEB8-8B4A-11D0-8D11-00A0C91BC942}") = "Application", "Application\Application.vcxproj", "{8A86F7B2-5AD3-438A-8109-49C2D70F188A}"
EndProject
Project("{8BC9CEB8-8B4A-11D0-8D11-00A0C91BC942}") = "Trivial", "Trivial\Trivial.vcxproj", "{4700A397-5B60-4251-853B-E6C4165E1765}"
EndProject
Project("{8BC9CEB8-8B4A-11D0-8D11-00A0C91BC942}") = "TrivialTests", "TrivialTests\TrivialTests.vcxproj", "{52EED9AF-0C69-47A6-B56E-B25433C736D9}"
EndProject
Global
	GlobalSection(SolutionConfigurationPlatforms) = preSolution
		Debug|Any CPU = Debug|Any CPU
		Debug|x64 = Debug|x64
		Debug|x86 = Debug|x86
		Release|Any CPU = Release|Any CPU
		Release|x64 = Release|x64
		Release|x86 = Release|x86
	EndGlobalSection
	GlobalSection(ProjectConfigurationPlatforms) = postSolution
		{7B13314D-32AA-418E-9F6A-AE10A63C978C}.Debug|Any CPU.ActiveCfg = Debug|Any CPU
		{7B13314D-32AA-418E-9F6A-AE10A63C978C}.Debug|Any CPU.Build.0 = Debug|Any CPU
		{7B13314D-32AA-418E-9F6A-AE10A63C978C}.Debug|x64.ActiveCfg = Debug|Any CPU
		{7B13314D-32AA-418E-9F6A-AE10A63C978C}.Debug|x64.Build.0 = Debug|Any CPU
		{7B13314D-32AA-418E-9F6A-AE10A63C978C}.Debug|x86.ActiveCfg = Debug|Any CPU
		{7B13314D-32AA-418E-9F6A-AE10A63C978C}.Debug|x86.Build.0 = Debug|Any CPU
		{7B13314D-32AA-418E-9F6A-AE10A63C978C}.Release|Any CPU.ActiveCfg = Release|Any CPU
		{7B13314D-32AA-418E-9F6A-AE10A63C978C}.Release|Any CPU.Build.0 = Release|Any CPU
		{7B13314D-32AA-418E-9F6A-AE10A63C978C}.Release|x64.ActiveCfg = Release|Any CPU
		{7B13314D-32AA-418E-9F6A-AE10A63C978C}.Release|x64.Build.0 = Release|Any CPU
		{7B13314D-32AA-418E-9F6A-AE10A63C978C}.Release|x86.ActiveCfg = Release|Any CPU
		{7B13314D-32AA-418E-9F6A-AE10A63C978C}.Release|x86.Build.0 = Release|Any CPU
		{B7B2EE78-C1BA-4D3E-868C-F7160DF5CE75}.Debug|Any CPU.ActiveCfg = Debug|Win32
		{B7B2EE78-C1BA-4D3E-868C-F7160DF5CE75}.Debug|x64.ActiveCfg = Debug|x64
		{B7B2EE78-C1BA-4D3E-868C-F7160DF5CE75}.Debug|x86.ActiveCfg = Debug|Win32
		{B7B2EE78-C1BA-4D3E-868C-F7160DF5CE75}.Debug|x86.Build.0 = Debug|Win32
		{B7B2EE78-C1BA-4D3E-868C-F7160DF5CE75}.Release|Any CPU.ActiveCfg = Release|Win32
		{B7B2EE78-C1BA-4D3E-868C-F7160DF5CE75}.Release|x64.ActiveCfg = Release|x64
		{B7B2EE78-C1BA-4D3E-868C-F7160DF5CE75}.Release|x64.Build.0 = Release|x64
		{B7B2EE78-C1BA-4D3E-868C-F7160DF5CE75}.Release|x86.ActiveCfg = Release|Win32
		{B7B2EE78-C1BA-4D3E-868C-F7160DF5CE75}.Release|x86.Build.0 = Release|Win32
		{576FACEE-93B0-4DE9-902A-AAB7302C55FA}.Debug|Any CPU.ActiveCfg = Debug|Win32
		{576FACEE-93B0-4DE9-902A-AAB7302C55FA}.Debug|x64.ActiveCfg = Debug|x64
		{576FACEE-93B0-4DE9-902A-AAB7302C55FA}.Debug|x64.Build.0 = Debug|x64
		{576FACEE-93B0-4DE9-902A-AAB7302C55FA}.Debug|x86.ActiveCfg = Debug|Win32
		{576FACEE-93B0-4DE9-902A-AAB7302C55FA}.Debug|x86.Build.0 = Debug|Win32
		{576FACEE-93B0-4DE9-902A-AAB7302C55FA}.Release|Any CPU.ActiveCfg = Release|Win32
		{576FACEE-93B0-4DE9-902A-AAB7302C55FA}.Release|x64.ActiveCfg = Release|x64
		{576FACEE-93B0-4DE9-902A-AAB7302C55FA}.Release|x64.Build.0 = Release|x64
		{576FACEE-93B0-4DE9-902A-AAB7302C55FA}.Release|x86.ActiveCfg = Release|Win32
		{576FACEE-93B0-4DE9-902A-AAB7302C55FA}.Release|x86.Build.0 = Release|Win32
		{CC278184-7725-426C-95B8-5D8DAF15EF59}.Debug|Any CPU.ActiveCfg = Debug|Win32
		{CC278184-7725-426C-95B8-5D8DAF15EF59}.Debug|x64.ActiveCfg = Debug|x64
		{CC278184-7725-426C-95B8-5D8DAF15EF59}.Debug|x64.Build.0 = Debug|x64
		{CC278184-7725-426C-95B8-5D8DAF15EF59}.Debug|x86.ActiveCfg = Debug|Win32
		{CC278184-7725-426C-95B8-5D8DAF15EF59}.Debug|x86.Build.0 = Debug|Win32
		{CC278184-7725-426C-95B8-5D8DAF15EF59}.Release|Any CPU.ActiveCfg = Release|Win32
		{CC278184-7725-426C-95B8-5D8DAF15EF59}.Release|x64.ActiveCfg = Release|x64
		{CC278184-7725-426C-95B8-5D8DAF15EF59}.Release|x64.Build.0 = Release|x64
		{CC278184-7725-426C-95B8-5D8DAF15EF59}.Release|x86.ActiveCfg = Release|Win32
		{CC278184-7725-426C-95B8-5D8DAF15EF59}.Release|x86.Build.0 = Release|Win32
		{24D7ED5C-0A08-4157-8B1F-CCBE7EFB7270}.Debug|Any CPU.ActiveCfg = Debug|Win32
		{24D7ED5C-0A08-4157-8B1F-CCBE7EFB7270}.Debug|x64.ActiveCfg = Debug|x64
		{24D7ED5C-0A08-4157-8B1F-CCBE7EFB7270}.Debug|x64.Build.0 = Debug|x64
		{24D7ED5C-0A08-4157-8B1F-CCBE7EFB7270}.Debug|x86.ActiveCfg = Debug|Win32
		{24D7ED5C-0A08-4157-8B1F-CCBE7EFB7270}.Debug|x86.Build.0 = Debug|Win32
		{24D7ED5C-0A08-4157-8B1F-CCBE7EFB7270}.Release|Any CPU.ActiveCfg = Release|Win32
		{24D7ED5C-0A08-4157-8B1F-CCBE7EFB7270}.Release|x64.ActiveCfg = Release|x64
		{24D7ED5C-0A08-4157-8B1F-CCBE7EFB7270}.Release|x64.Build.0 = Release|x64
		{24D7ED5C-0A08-4157-8B1F-CCBE7EFB7270}.Release|x86.ActiveCfg = Release|Win32
		{24D7ED5C-0A08-4157-8B1F-CCBE7EFB7270}.Release|x86.Build.0 = Release|Win32
		{BFD38B7D-AE89-4D9C-B40C-BD837237A18C}.Debug|Any CPU.ActiveCfg = Debug|Win32
		{BFD38B7D-AE89-4D9C-B40C-BD837237A18C}.Debug|x64.ActiveCfg = Debug|x64
		{BFD38B7D-AE89-4D9C-B40C-BD837237A18C}.Debug|x64.Build.0 = Debug|x64
		{BFD38B7D-AE89-4D9C-B40C-BD837237A18C}.Debug|x86.ActiveCfg = Debug|Win32
		{BFD38B7D-AE89-4D9C-B40C-BD837237A18C}.Debug|x86.Build.0 = Debug|Win32
		{BFD38B7D-AE89-4D9C-B40C-BD837237A18C}.Release|Any CPU.ActiveCfg = Release|Win32
		{BFD38B7D-AE89-4D9C-B40C-BD837237A18C}.Release|x64.ActiveCfg = Release|x64
		{BFD38B7D-AE89-4D9C-B40C-BD837237A18C}.Release|x64.Build.0 = Release|x64
		{BFD38B7D-AE89-4D9C-B40C-BD837237A18C}.Release|x86.ActiveCfg = Release|Win32
		{BFD38B7D-AE89-4D9C-B40C-BD837237A18C}.Release|x86.Build.0 = Release|Win32
		{35952331-A382-4FBD-AC0F-B272B8135EEC}.Debug|Any CPU.ActiveCfg = Debug|Win32
		{35952331-A382-4FBD-AC0F-B272B8135EEC}.Debug|x64.ActiveCfg = Debug|x64
		{35952331-A382-4FBD-AC0F-B272B8135EEC}.Debug|x64.Build.0 = Debug|x64
		{35952331-A382-4FBD-AC0F-B272B8135EEC}.Debug|x86.ActiveCfg = Debug|Win32
		{35952331-A382-4FBD-AC0F-B272B8135EEC}.Debug|x86.Build.0 = Debug|Win32
		{35952331-A382-4FBD-AC0F-B272B8135EEC}.Release|Any CPU.ActiveCfg = Release|Win32
		{35952331-A382-4FBD-AC0F-B272B8135EEC}.Release|x64.ActiveCfg = Release|x64
		{35952331-A382-4FBD-AC0F-B272B8135EEC}.Release|x64.Build.0 = Release|x64
		{35952331-A382-4FBD-AC0F-B272B8135EEC}.Release|x86.ActiveCfg = Release|Win32
		{35952331-A382-4FBD-AC0F-B272B8135EEC}.Release|x86.Build.0 = Release|Win32
		{C641CA3E-2C7D-431D-AE12-655D539E170C}.Debug|Any CPU.ActiveCfg = Debug|Win32
		{C641CA3E-2C7D-431D-AE12-655D539E170C}.Debug|x64.ActiveCfg = Debug|x64
		{C641CA3E-2C7D-431D-AE12-655D539E170C}.Debug|x64.Build.0 = Debug|x64
		{C641CA3E-2C7D-431D-AE12-655D539E170C}.Debug|x86.ActiveCfg = Debug|Win32
		{C641CA3E-2C7D-431D-AE12-655D539E170C}.Debug|x86.Build.0 = Debug|Win32
		{C641CA3E-2C7D-431D-AE12-655D539E170C}.Release|Any CPU.ActiveCfg = Release|Win32
		{C641CA3E-2C7D-431D-AE12-655D539E170C}.Release|x64.ActiveCfg = Release|x64
		{C641CA3E-2C7D-431D-AE12-655D539E170C}.Release|x64.Build.0 = Release|x64
		{C641CA3E-2C7D-431D-AE12-655D539E170C}.Release|x86.ActiveCfg = Release|Win32
		{C641CA3E-2C7D-431D-AE12-655D539E170C}.Release|x86.Build.0 = Release|Win32
		{6906FC1C-43DB-4EE3-BB6A-D6FFA8063EE6}.Debug|Any CPU.ActiveCfg = Debug|Win32
		{6906FC1C-43DB-4EE3-BB6A-D6FFA8063EE6}.Debug|x64.ActiveCfg = Debug|x64
		{6906FC1C-43DB-4EE3-BB6A-D6FFA8063EE6}.Debug|x64.Build.0 = Debug|x64
		{6906FC1C-43DB-4EE3-BB6A-D6FFA8063EE6}.Debug|x86.ActiveCfg = Debug|Win32
		{6906FC1C-43DB-4EE3-BB6A-D6FFA8063EE6}.Debug|x86.Build.0 = Debug|Win32
		{6906FC1C-43DB-4EE3-BB6A-D6FFA8063EE6}.Release|Any CPU.ActiveCfg = Release|Win32
		{6906FC1C-43DB-4EE3-BB6A-D6FFA8063EE6}.Release|x64.ActiveCfg = Release|x64
		{6906FC1C-43DB-4EE3-BB6A-D6FFA8063EE6}.Release|x64.Build.0 = Release|x64
		{6906FC1C-43DB-4EE3-BB6A-D6FFA8063EE6}.Release|x86.ActiveCfg = Release|Win32
		{6906FC1C-43DB-4EE3-BB6A-D6FFA8063EE6}.Release|x86.Build.0 = Release|Win32
		{8A86F7B2-5AD3-438A-8109-49C2D70F188A}.Debug|Any CPU.ActiveCfg = Debug|Win32
		{8A86F7B2-5AD3-438A-8109-49C2D70F188A}.Debug|x64.ActiveCfg = Debug|x64
		{8A86F7B2-5AD3-438A-8109-49C2D70F188A}.Debug|x64.Build.0 = Debug|x64
		{8A86F7B2-5AD3-438A-8109-49C2D70F188A}.Debug|x86.ActiveCfg = Debug|Win32
		{8A86F7B2-5AD3-438A-8109-49C2D70F188A}.Debug|x86.Build.0 = Debug|Win32
		{8A86F7B2-5AD3-438A-8109-49C2D70F188A}.Release|Any CPU.ActiveCfg = Release|Win32
		{8A86F7B2-5AD3-438A-8109-49C2D70F188A}.Release|x64.ActiveCfg = Release|x64
		{8A86F7B2-5AD3-438A-8109-49C2D70F188A}.Release|x64.Build.0 = Release|x64
		{8A86F7B2-5AD3-438A-8109-49C2D70F188A}.Release|x86.ActiveCfg = Release|Win32
		{8A86F7B2-5AD3-438A-8109-49C2D70F188A}.Release|x86.Build.0 = Release|Win32
		{4700A397-5B60-4251-853B-E6C4165E1765}.Debug|Any CPU.ActiveCfg = Debug|Win32
		{4700A397-5B60-4251-853B-E6C4165E1765}.Debug|x64.ActiveCfg = Debug|x64
		{4700A397-5B60-4251-853B-E6C4165E1765}.Debug|x64.Build.0 = Debug|x64
		{4700A397-5B60-4251-853B-E6C4165E1765}.Debug|x86.ActiveCfg = Debug|Win32
		{4700A397-5B60-4251-853B-E6C4165E1765}.Debug|x86.Build.0 = Debug|Win32
		{4700A397-5B60-4251-853B-E6C4165E1765}.Release|Any CPU.ActiveCfg = Release|Win32
		{4700A397-5B60-4251-853B-E6C4165E1765}.Release|x64.ActiveCfg = Release|x64
		{4700A397-5B60-4251-853B-E6C4165E1765}.Release|x64.Build.0 = Release|x64
		{4700A397-5B60-4251-853B-E6C4165E1765}.Release|x86.ActiveCfg = Release|Win32
		{4700A397-5B60-4251-853B-E6C4165E1765}.Release|x86.Build.0 = Release|Win32
		{52EED9AF-0C69-47A6-B56E-B25433C736D9}.Debug|Any CPU.ActiveCfg = Debug|Win32
		{52EED9AF-0C69-47A6-B56E-B25433C736D9}.Debug|x64.ActiveCfg = Debug|x64
		{52EED9AF-0C69-47A6-B56E-B25433C736D9}.Debug|x64.Build.0 = Debug|x64
		{52EED9AF-0C69-47A6-B56E-B25433C736D9}.Debug|x86.ActiveCfg = Debug|Win32
		{52EED9AF-0C69-47A6-B56E-B25433C736D9}.Debug|x86.Build.0 = Debug|Win32
		{52EED9AF-0C69-47A6-B56E-B25433C736D9}.Release|Any CPU.ActiveCfg = Release|Win32
		{52EED9AF-0C69-47A6-B56E-B25433C736D9}.Release|x64.ActiveCfg = Release|x64
		{52EED9AF-0C69-47A6-B56E-B25433C736D9}.Release|x64.Build.0 = Release|x64
		{52EED9AF-0C69-47A6-B56E-B25433C736D9}.Release|x86.ActiveCfg = Release|Win32
		{52EED9AF-0C69-47A6-B56E-B25433C736D9}.Release|x86.Build.0 = Release|Win32
	EndGlobalSection
	GlobalSection(SolutionProperties) = preSolution
		HideSolutionNode = FALSE
	EndGlobalSection
	GlobalSection(ExtensibilityGlobals) = postSolution
		SolutionGuid = {195D36C7-6281-4A23-8E88-FD0E56C6AE50}
	EndGlobalSection
EndGlobal
